
Microsoft Visual Studio Solution File, Format Version 12.00
# Visual Studio Version 17
VisualStudioVersion = 17.1.32421.90
MinimumVisualStudioVersion = 10.0.40219.1
Project("{F184B08F-C81C-45F6-A57F-5ABD9991F28F}") = "CodeWarsVB", "CodeWarsVB.vbproj", "{FF5B2625-375C-4677-A875-368DC6C22591}"
EndProject
Global
	GlobalSection(SolutionConfigurationPlatforms) = preSolution
		Debug|Any CPU = Debug|Any CPU
		Release|Any CPU = Release|Any CPU
	EndGlobalSection
	GlobalSection(ProjectConfigurationPlatforms) = postSolution
		{FF5B2625-375C-4677-A875-368DC6C22591}.Debug|Any CPU.ActiveCfg = Debug|Any CPU
		{FF5B2625-375C-4677-A875-368DC6C22591}.Debug|Any CPU.Build.0 = Debug|Any CPU
		{FF5B2625-375C-4677-A875-368DC6C22591}.Release|Any CPU.ActiveCfg = Release|Any CPU
		{FF5B2625-375C-4677-A875-368DC6C22591}.Release|Any CPU.Build.0 = Release|Any CPU
	EndGlobalSection
	GlobalSection(SolutionProperties) = preSolution
		HideSolutionNode = FALSE
	EndGlobalSection
	GlobalSection(ExtensibilityGlobals) = postSolution
		SolutionGuid = {081391F1-7CF6-404B-995C-B069E0540AF6}
	EndGlobalSection
EndGlobal
